Microsoft Visual Studio Solution File, Format Version 8.00
Project("{FAE04EC0-301F-11D3-BF4B-00C04F79EFBC}") = "PacketLogConverter", "PacketLogConverter.csproj", "{8559DC92-0B16-424D-840D-09107BD1D98A}"
	ProjectSection(ProjectDependencies) = postProject
	EndProjectSection
EndProject
Global
	GlobalSection(DPCodeReviewSolutionGUID) = preSolution
		DPCodeReviewSolutionGUID = {00000000-0000-0000-0000-000000000000}
	EndGlobalSection
	GlobalSection(SolutionConfiguration) = preSolution
		Debug = Debug
		Release = Release
	EndGlobalSection
	GlobalSection(ProjectConfiguration) = postSolution
		{8559DC92-0B16-424D-840D-09107BD1D98A}.Debug.ActiveCfg = Debug|.NET
		{8559DC92-0B16-424D-840D-09107BD1D98A}.Debug.Build.0 = Debug|.NET
		{8559DC92-0B16-424D-840D-09107BD1D98A}.Release.ActiveCfg = Release|.NET
		{8559DC92-0B16-424D-840D-09107BD1D98A}.Release.Build.0 = Release|.NET
	EndGlobalSection
	GlobalSection(ExtensibilityGlobals) = postSolution
	EndGlobalSection
	GlobalSection(ExtensibilityAddIns) = postSolution
	EndGlobalSection
EndGlobal
